// !$*UTF8*$!
{
	archiveVersion = 1;
	classes = {
	};
	objectVersion = 46;
	objects = {

/* Begin PBXBuildFile section */
		111A0C7D1895B5E5009D5E58 /* libz.dylib in Frameworks */ = {isa = PBXBuildFile; fileRef = 118C196A1891D162007EB10E /* libz.dylib */; };
		116BFBF5189D620F008663CE /* UITextView+AutoResizeFont.m in Sources */ = {isa = PBXBuildFile; fileRef = 116BFBF4189D620F008663CE /* UITextView+AutoResizeFont.m */; };
		116FD85A187B53B900BC4643 /* AudioToolbox.framework in Frameworks */ = {isa = PBXBuildFile; fileRef = 116FD858187B53B900BC4643 /* AudioToolbox.framework */; };
		116FD85B187B53B900BC4643 /* AVFoundation.framework in Frameworks */ = {isa = PBXBuildFile; fileRef = 116FD859187B53B900BC4643 /* AVFoundation.framework */; };
		116FD861187B53F400BC4643 /* AcousticModelEnglish.bundle in Resources */ = {isa = PBXBuildFile; fileRef = 116FD85D187B53F400BC4643 /* AcousticModelEnglish.bundle */; };
		116FD862187B53F400BC4643 /* AcousticModelSpanish.bundle in Resources */ = {isa = PBXBuildFile; fileRef = 116FD85E187B53F400BC4643 /* AcousticModelSpanish.bundle */; };
		116FD863187B53F400BC4643 /* OpenEars.framework in Frameworks */ = {isa = PBXBuildFile; fileRef = 116FD85F187B53F400BC4643 /* OpenEars.framework */; };
		116FD864187B53F400BC4643 /* Slt.framework in Frameworks */ = {isa = PBXBuildFile; fileRef = 116FD860187B53F400BC4643 /* Slt.framework */; };
		11711F911871F2CF00792D36 /* Foundation.framework in Frameworks */ = {isa = PBXBuildFile; fileRef = 11711F901871F2CF00792D36 /* Foundation.framework */; };
		11711F931871F2CF00792D36 /* CoreGraphics.framework in Frameworks */ = {isa = PBXBuildFile; fileRef = 11711F921871F2CF00792D36 /* CoreGraphics.framework */; };
		11711F951871F2CF00792D36 /* UIKit.framework in Frameworks */ = {isa = PBXBuildFile; fileRef = 11711F941871F2CF00792D36 /* UIKit.framework */; };
		11711F9B1871F2CF00792D36 /* InfoPlist.strings in Resources */ = {isa = PBXBuildFile; fileRef = 11711F991871F2CF00792D36 /* InfoPlist.strings */; };
		11711F9D1871F2CF00792D36 /* main.m in Sources */ = {isa = PBXBuildFile; fileRef = 11711F9C1871F2CF00792D36 /* main.m */; };
		11711FA11871F2CF00792D36 /* AppDelegate.m in Sources */ = {isa = PBXBuildFile; fileRef = 11711FA01871F2CF00792D36 /* AppDelegate.m */; };
		11711FA41871F2CF00792D36 /* Main.storyboard in Resources */ = {isa = PBXBuildFile; fileRef = 11711FA21871F2CF00792D36 /* Main.storyboard */; };
		11711FA71871F2CF00792D36 /* ViewController.m in Sources */ = {isa = PBXBuildFile; fileRef = 11711FA61871F2CF00792D36 /* ViewController.m */; };
		11711FA91871F2CF00792D36 /* Images.xcassets in Resources */ = {isa = PBXBuildFile; fileRef = 11711FA81871F2CF00792D36 /* Images.xcassets */; };
		11711FB01871F2CF00792D36 /* XCTest.framework in Frameworks */ = {isa = PBXBuildFile; fileRef = 11711FAF1871F2CF00792D36 /* XCTest.framework */; };
		11711FB11871F2CF00792D36 /* Foundation.framework in Frameworks */ = {isa = PBXBuildFile; fileRef = 11711F901871F2CF00792D36 /* Foundation.framework */; };
		11711FB21871F2CF00792D36 /* UIKit.framework in Frameworks */ = {isa = PBXBuildFile; fileRef = 11711F941871F2CF00792D36 /* UIKit.framework */; };
		11711FBA1871F2CF00792D36 /* InfoPlist.strings in Resources */ = {isa = PBXBuildFile; fileRef = 11711FB81871F2CF00792D36 /* InfoPlist.strings */; };
		11711FBC1871F2CF00792D36 /* AutoFlipTests.m in Sources */ = {isa = PBXBuildFile; fileRef = 11711FBB1871F2CF00792D36 /* AutoFlipTests.m */; };
		118C19651891D152007EB10E /* ioapi.c in Sources */ = {isa = PBXBuildFile; fileRef = 118C195B1891D152007EB10E /* ioapi.c */; };
		118C19661891D152007EB10E /* mztools.c in Sources */ = {isa = PBXBuildFile; fileRef = 118C195D1891D152007EB10E /* mztools.c */; };
		118C19671891D152007EB10E /* unzip.c in Sources */ = {isa = PBXBuildFile; fileRef = 118C195F1891D152007EB10E /* unzip.c */; };
		118C19681891D152007EB10E /* zip.c in Sources */ = {isa = PBXBuildFile; fileRef = 118C19611891D152007EB10E /* zip.c */; };
		118C19691891D152007EB10E /* SSZipArchive.m in Sources */ = {isa = PBXBuildFile; fileRef = 118C19641891D152007EB10E /* SSZipArchive.m */; };
		119249771878F53100BD6868 /* Lato-Black.ttf in Resources */ = {isa = PBXBuildFile; fileRef = 1192496D1878F53100BD6868 /* Lato-Black.ttf */; };
		119249781878F53100BD6868 /* Lato-BlackItalic.ttf in Resources */ = {isa = PBXBuildFile; fileRef = 1192496E1878F53100BD6868 /* Lato-BlackItalic.ttf */; };
		119249791878F53100BD6868 /* Lato-Bold.ttf in Resources */ = {isa = PBXBuildFile; fileRef = 1192496F1878F53100BD6868 /* Lato-Bold.ttf */; };
		1192497A1878F53100BD6868 /* Lato-BoldItalic.ttf in Resources */ = {isa = PBXBuildFile; fileRef = 119249701878F53100BD6868 /* Lato-BoldItalic.ttf */; };
		1192497B1878F53100BD6868 /* Lato-Hairline.ttf in Resources */ = {isa = PBXBuildFile; fileRef = 119249711878F53100BD6868 /* Lato-Hairline.ttf */; };
		1192497C1878F53100BD6868 /* Lato-HairlineItalic.ttf in Resources */ = {isa = PBXBuildFile; fileRef = 119249721878F53100BD6868 /* Lato-HairlineItalic.ttf */; };
		1192497D1878F53100BD6868 /* Lato-Italic.ttf in Resources */ = {isa = PBXBuildFile; fileRef = 119249731878F53100BD6868 /* Lato-Italic.ttf */; };
		1192497E1878F53100BD6868 /* Lato-Light.ttf in Resources */ = {isa = PBXBuildFile; fileRef = 119249741878F53100BD6868 /* Lato-Light.ttf */; };
		1192497F1878F53100BD6868 /* Lato-LightItalic.ttf in Resources */ = {isa = PBXBuildFile; fileRef = 119249751878F53100BD6868 /* Lato-LightItalic.ttf */; };
		119249801878F53100BD6868 /* Lato-Regular.ttf in Resources */ = {isa = PBXBuildFile; fileRef = 119249761878F53100BD6868 /* Lato-Regular.ttf */; };
		11946E0D1894D20900A4D17A /* present.png in Resources */ = {isa = PBXBuildFile; fileRef = 11946E0B1894D20900A4D17A /* present.png */; };
		11946E0E1894D20900A4D17A /* edit.png in Resources */ = {isa = PBXBuildFile; fileRef = 11946E0C1894D20900A4D17A /* edit.png */; };
		1194B23618772DB8008AD3AE /* KxMenu.m in Sources */ = {isa = PBXBuildFile; fileRef = 1194B23518772DB8008AD3AE /* KxMenu.m */; };
		11A44137187360EA00FB5863 /* OldCreateCardsViewController.m in Sources */ = {isa = PBXBuildFile; fileRef = 11A44136187360EA00FB5863 /* OldCreateCardsViewController.m */; };
		11A4413A1873620400FB5863 /* CardDeckViewController.m in Sources */ = {isa = PBXBuildFile; fileRef = 11A441391873620400FB5863 /* CardDeckViewController.m */; };
		11BA10A81881C2E20093851B /* GTLDrive_Sources.m in Sources */ = {isa = PBXBuildFile; fileRef = 11BA10A61881C2E20093851B /* GTLDrive_Sources.m */; };
		11BA10AD1881C4460093851B /* GTMOAuth2ViewTouch.xib in Resources */ = {isa = PBXBuildFile; fileRef = 11BA10AB1881C3690093851B /* GTMOAuth2ViewTouch.xib */; };
		11BA10B41881CC580093851B /* DriveFilesListViewController.m in Sources */ = {isa = PBXBuildFile; fileRef = 11BA10B31881CC580093851B /* DriveFilesListViewController.m */; };
		11BA10B71881CCE50093851B /* DrEditUtilities.m in Sources */ = {isa = PBXBuildFile; fileRef = 11BA10B61881CCE50093851B /* DrEditUtilities.m */; };
		11C75DE818831A7D000EB94B /* libGTLTouchStaticLib.a in Frameworks */ = {isa = PBXBuildFile; fileRef = 11C75DE718831A7D000EB94B /* libGTLTouchStaticLib.a */; settings = {ATTRIBUTES = (Required, ); }; };
		11D0D115187202D1008CC7FD /* ChooseCardsViewController.m in Sources */ = {isa = PBXBuildFile; fileRef = 11D0D114187202D1008CC7FD /* ChooseCardsViewController.m */; };
		11D0D11E18720412008CC7FD /* Notecard.m in Sources */ = {isa = PBXBuildFile; fileRef = 11D0D11D18720412008CC7FD /* Notecard.m */; };
		11D0D12118720421008CC7FD /* Presentation.m in Sources */ = {isa = PBXBuildFile; fileRef = 11D0D12018720421008CC7FD /* Presentation.m */; };
		11D0D12418720431008CC7FD /* LibraryAPI.m in Sources */ = {isa = PBXBuildFile; fileRef = 11D0D12318720431008CC7FD /* LibraryAPI.m */; };
		11D0D1281872075A008CC7FD /* PersistencyManager.m in Sources */ = {isa = PBXBuildFile; fileRef = 11D0D1271872075A008CC7FD /* PersistencyManager.m */; };
		11D0D12B18721356008CC7FD /* PresentationViewController.m in Sources */ = {isa = PBXBuildFile; fileRef = 11D0D12A18721356008CC7FD /* PresentationViewController.m */; };
		11D0D13B18722DD6008CC7FD /* drive.png in Resources */ = {isa = PBXBuildFile; fileRef = 11D0D13A18722DD6008CC7FD /* drive.png */; };
		11D0D13D18722E34008CC7FD /* dropbox.png in Resources */ = {isa = PBXBuildFile; fileRef = 11D0D13C18722E34008CC7FD /* dropbox.png */; };
		11D0FBE618994CF6009D067F /* CreateCardsViewController.m in Sources */ = {isa = PBXBuildFile; fileRef = 11D0FBE518994CF6009D067F /* CreateCardsViewController.m */; };
		11D11F431878A6620081B1CB /* MZFormSheetBackgroundWindow.m in Sources */ = {isa = PBXBuildFile; fileRef = 11D11F3A1878A6620081B1CB /* MZFormSheetBackgroundWindow.m */; };
		11D11F441878A6620081B1CB /* MZFormSheetController.m in Sources */ = {isa = PBXBuildFile; fileRef = 11D11F3C1878A6620081B1CB /* MZFormSheetController.m */; };
		11D11F451878A6620081B1CB /* MZFormSheetSegue.m in Sources */ = {isa = PBXBuildFile; fileRef = 11D11F3E1878A6620081B1CB /* MZFormSheetSegue.m */; };
		11D11F461878A6620081B1CB /* MZTransition.m in Sources */ = {isa = PBXBuildFile; fileRef = 11D11F401878A6620081B1CB /* MZTransition.m */; };
		11D11F471878A6620081B1CB /* UIImage+Additional.m in Sources */ = {isa = PBXBuildFile; fileRef = 11D11F421878A6620081B1CB /* UIImage+Additional.m */; };
		11D11F4D1878A74E0081B1CB /* MZAppearance.m in Sources */ = {isa = PBXBuildFile; fileRef = 11D11F4A1878A74E0081B1CB /* MZAppearance.m */; };
		11D11F4E1878A74E0081B1CB /* NSInvocation+Copy.m in Sources */ = {isa = PBXBuildFile; fileRef = 11D11F4C1878A74E0081B1CB /* NSInvocation+Copy.m */; };
		11D11F581878AE910081B1CB /* SaveAsViewController.m in Sources */ = {isa = PBXBuildFile; fileRef = 11D11F561878AE910081B1CB /* SaveAsViewController.m */; };
		11D11F591878AE910081B1CB /* SaveAsView.xib in Resources */ = {isa = PBXBuildFile; fileRef = 11D11F571878AE910081B1CB /* SaveAsView.xib */; };
		11D11F851878F0510081B1CB /* FUIAlertView.m in Sources */ = {isa = PBXBuildFile; fileRef = 11D11F601878F0510081B1CB /* FUIAlertView.m */; };
		11D11F861878F0510081B1CB /* FUIButton.m in Sources */ = {isa = PBXBuildFile; fileRef = 11D11F621878F0510081B1CB /* FUIButton.m */; };
		11D11F871878F0510081B1CB /* FUICellBackgroundView.m in Sources */ = {isa = PBXBuildFile; fileRef = 11D11F641878F0510081B1CB /* FUICellBackgroundView.m */; };
		11D11F881878F0510081B1CB /* FUIPopoverBackgroundView.m in Sources */ = {isa = PBXBuildFile; fileRef = 11D11F661878F0510081B1CB /* FUIPopoverBackgroundView.m */; };
		11D11F891878F0510081B1CB /* FUISegmentedControl.m in Sources */ = {isa = PBXBuildFile; fileRef = 11D11F681878F0510081B1CB /* FUISegmentedControl.m */; };
		11D11F8A1878F0510081B1CB /* FUISwitch.m in Sources */ = {isa = PBXBuildFile; fileRef = 11D11F6A1878F0510081B1CB /* FUISwitch.m */; };
		11D11F8B1878F0510081B1CB /* FUITextField.m in Sources */ = {isa = PBXBuildFile; fileRef = 11D11F6C1878F0510081B1CB /* FUITextField.m */; };
		11D11F8C1878F0510081B1CB /* UIBarButtonItem+FlatUI.m in Sources */ = {isa = PBXBuildFile; fileRef = 11D11F6E1878F0510081B1CB /* UIBarButtonItem+FlatUI.m */; };
		11D11F8D1878F0510081B1CB /* UIColor+FlatUI.m in Sources */ = {isa = PBXBuildFile; fileRef = 11D11F701878F0510081B1CB /* UIColor+FlatUI.m */; };
		11D11F8E1878F0510081B1CB /* UIFont+FlatUI.m in Sources */ = {isa = PBXBuildFile; fileRef = 11D11F721878F0510081B1CB /* UIFont+FlatUI.m */; };
		11D11F8F1878F0510081B1CB /* UIImage+FlatUI.m in Sources */ = {isa = PBXBuildFile; fileRef = 11D11F741878F0510081B1CB /* UIImage+FlatUI.m */; };
		11D11F901878F0510081B1CB /* UINavigationBar+FlatUI.m in Sources */ = {isa = PBXBuildFile; fileRef = 11D11F761878F0510081B1CB /* UINavigationBar+FlatUI.m */; };
		11D11F911878F0510081B1CB /* UIPopoverController+FlatUI.m in Sources */ = {isa = PBXBuildFile; fileRef = 11D11F781878F0510081B1CB /* UIPopoverController+FlatUI.m */; };
		11D11F921878F0510081B1CB /* UIProgressView+FlatUI.m in Sources */ = {isa = PBXBuildFile; fileRef = 11D11F7A1878F0510081B1CB /* UIProgressView+FlatUI.m */; };
		11D11F931878F0510081B1CB /* UISlider+FlatUI.m in Sources */ = {isa = PBXBuildFile; fileRef = 11D11F7C1878F0510081B1CB /* UISlider+FlatUI.m */; };
		11D11F941878F0510081B1CB /* UIStepper+FlatUI.m in Sources */ = {isa = PBXBuildFile; fileRef = 11D11F7E1878F0510081B1CB /* UIStepper+FlatUI.m */; };
		11D11F951878F0510081B1CB /* UITabBar+FlatUI.m in Sources */ = {isa = PBXBuildFile; fileRef = 11D11F801878F0510081B1CB /* UITabBar+FlatUI.m */; };
		11D11F961878F0510081B1CB /* UITableViewCell+FlatUI.m in Sources */ = {isa = PBXBuildFile; fileRef = 11D11F821878F0510081B1CB /* UITableViewCell+FlatUI.m */; };
		11D11F971878F0510081B1CB /* UIToolbar+FlatUI.m in Sources */ = {isa = PBXBuildFile; fileRef = 11D11F841878F0510081B1CB /* UIToolbar+FlatUI.m */; };
		11D208871895760A00345BD3 /* DesignManager.m in Sources */ = {isa = PBXBuildFile; fileRef = 11D208861895760A00345BD3 /* DesignManager.m */; };
		11DC90631874D39600C069D8 /* NewCardDeckViewController.m in Sources */ = {isa = PBXBuildFile; fileRef = 11DC90621874D39600C069D8 /* NewCardDeckViewController.m */; };
		11E8F76418903EE300A6DF5C /* custom.png in Resources */ = {isa = PBXBuildFile; fileRef = 11E8F76318903EE300A6DF5C /* custom.png */; };
		11F0C87C1880761E0056CD66 /* DropboxSDK.framework in Frameworks */ = {isa = PBXBuildFile; fileRef = 11F0C87B1880761E0056CD66 /* DropboxSDK.framework */; };
		11F0C87F1880AE710056CD66 /* DBChooser.framework in Frameworks */ = {isa = PBXBuildFile; fileRef = 11F0C87D1880AE710056CD66 /* DBChooser.framework */; };
		11F0C8801880AE710056CD66 /* DBChooser.bundle in Resources */ = {isa = PBXBuildFile; fileRef = 11F0C87E1880AE710056CD66 /* DBChooser.bundle */; };
		11F0C9C31880F8130056CD66 /* Security.framework in Frameworks */ = {isa = PBXBuildFile; fileRef = 11F0C9C21880F8130056CD66 /* Security.framework */; };
		11F0C9C51880F81E0056CD66 /* SystemConfiguration.framework in Frameworks */ = {isa = PBXBuildFile; fileRef = 11F0C9C41880F81E0056CD66 /* SystemConfiguration.framework */; };
		11F0C9C71880F82E0056CD66 /* MobileCoreServices.framework in Frameworks */ = {isa = PBXBuildFile; fileRef = 11F0C9C61880F82E0056CD66 /* MobileCoreServices.framework */; };
/* End PBXBuildFile section */

/* Begin PBXContainerItemProxy section */
		11711FB31871F2CF00792D36 /* PBXContainerItemProxy */ = {
			isa = PBXContainerItemProxy;
			containerPortal = 11711F851871F2CF00792D36 /* Project object */;
			proxyType = 1;
			remoteGlobalIDString = 11711F8C1871F2CF00792D36;
			remoteInfo = AutoFlip;
		};
/* End PBXContainerItemProxy section */

/* Begin PBXFileReference section */
		111A0C7A1895B57F009D5E58 /* GTL.framework */ = {isa = PBXFileReference; lastKnownFileType = wrapper.framework; name = GTL.framework; path = "../../../Library/Developer/Xcode/DerivedData/AutoFlip-fdmzbufgiqjqezfyczvxlznhzzrd/Build/Products/Debug/GTL.framework"; sourceTree = "<group>"; };
		116BFBF3189D620F008663CE /* UITextView+AutoResizeFont.h */ = {isa = PBXFileReference; fileEncoding = 4; lastKnownFileType = sourcecode.c.h; path = "UITextView+AutoResizeFont.h"; sourceTree = "<group>"; };
		116BFBF4189D620F008663CE /* UITextView+AutoResizeFont.m */ = {isa = PBXFileReference; fileEncoding = 4; lastKnownFileType = sourcecode.c.objc; path = "UITextView+AutoResizeFont.m"; sourceTree = "<group>"; };
		116FD858187B53B900BC4643 /* AudioToolbox.framework */ = {isa = PBXFileReference; lastKnownFileType = wrapper.framework; name = AudioToolbox.framework; path = System/Library/Frameworks/AudioToolbox.framework; sourceTree = SDKROOT; };
		116FD859187B53B900BC4643 /* AVFoundation.framework */ = {isa = PBXFileReference; lastKnownFileType = wrapper.framework; name = AVFoundation.framework; path = System/Library/Frameworks/AVFoundation.framework; sourceTree = SDKROOT; };
		116FD85D187B53F400BC4643 /* AcousticModelEnglish.bundle */ = {isa = PBXFileReference; lastKnownFileType = "wrapper.plug-in"; name = AcousticModelEnglish.bundle; path = Framework/AcousticModelEnglish.bundle; sourceTree = "<group>"; };
		116FD85E187B53F400BC4643 /* AcousticModelSpanish.bundle */ = {isa = PBXFileReference; lastKnownFileType = "wrapper.plug-in"; name = AcousticModelSpanish.bundle; path = Framework/AcousticModelSpanish.bundle; sourceTree = "<group>"; };
		116FD85F187B53F400BC4643 /* OpenEars.framework */ = {isa = PBXFileReference; lastKnownFileType = wrapper.framework; name = OpenEars.framework; path = Framework/OpenEars.framework; sourceTree = "<group>"; };
		116FD860187B53F400BC4643 /* Slt.framework */ = {isa = PBXFileReference; lastKnownFileType = wrapper.framework; name = Slt.framework; path = Framework/Slt.framework; sourceTree = "<group>"; };
		11711F8D1871F2CF00792D36 /* AutoFlip.app */ = {isa = PBXFileReference; explicitFileType = wrapper.application; includeInIndex = 0; path = AutoFlip.app; sourceTree = BUILT_PRODUCTS_DIR; };
		11711F901871F2CF00792D36 /* Foundation.framework */ = {isa = PBXFileReference; lastKnownFileType = wrapper.framework; name = Foundation.framework; path = System/Library/Frameworks/Foundation.framework; sourceTree = SDKROOT; };
		11711F921871F2CF00792D36 /* CoreGraphics.framework */ = {isa = PBXFileReference; lastKnownFileType = wrapper.framework; name = CoreGraphics.framework; path = System/Library/Frameworks/CoreGraphics.framework; sourceTree = SDKROOT; };
		11711F941871F2CF00792D36 /* UIKit.framework */ = {isa = PBXFileReference; lastKnownFileType = wrapper.framework; name = UIKit.framework; path = System/Library/Frameworks/UIKit.framework; sourceTree = SDKROOT; };
		11711F981871F2CF00792D36 /* AutoFlip-Info.plist */ = {isa = PBXFileReference; lastKnownFileType = text.plist.xml; path = "AutoFlip-Info.plist"; sourceTree = "<group>"; };
		11711F9A1871F2CF00792D36 /* en */ = {isa = PBXFileReference; lastKnownFileType = text.plist.strings; name = en; path = en.lproj/InfoPlist.strings; sourceTree = "<group>"; };
		11711F9C1871F2CF00792D36 /* main.m */ = {isa = PBXFileReference; lastKnownFileType = sourcecode.c.objc; path = main.m; sourceTree = "<group>"; };
		11711F9E1871F2CF00792D36 /* AutoFlip-Prefix.pch */ = {isa = PBXFileReference; lastKnownFileType = sourcecode.c.h; path = "AutoFlip-Prefix.pch"; sourceTree = "<group>"; };
		11711F9F1871F2CF00792D36 /* AppDelegate.h */ = {isa = PBXFileReference; lastKnownFileType = sourcecode.c.h; path = AppDelegate.h; sourceTree = "<group>"; };
		11711FA01871F2CF00792D36 /* AppDelegate.m */ = {isa = PBXFileReference; lastKnownFileType = sourcecode.c.objc; path = AppDelegate.m; sourceTree = "<group>"; };
		11711FA31871F2CF00792D36 /* Base */ = {isa = PBXFileReference; lastKnownFileType = file.storyboard; name = Base; path = Base.lproj/Main.storyboard; sourceTree = "<group>"; };
		11711FA51871F2CF00792D36 /* ViewController.h */ = {isa = PBXFileReference; lastKnownFileType = sourcecode.c.h; path = ViewController.h; sourceTree = "<group>"; };
		11711FA61871F2CF00792D36 /* ViewController.m */ = {isa = PBXFileReference; lastKnownFileType = sourcecode.c.objc; path = ViewController.m; sourceTree = "<group>"; };
		11711FA81871F2CF00792D36 /* Images.xcassets */ = {isa = PBXFileReference; lastKnownFileType = folder.assetcatalog; path = Images.xcassets; sourceTree = "<group>"; };
		11711FAE1871F2CF00792D36 /* AutoFlipTests.xctest */ = {isa = PBXFileReference; explicitFileType = wrapper.cfbundle; includeInIndex = 0; path = AutoFlipTests.xctest; sourceTree = BUILT_PRODUCTS_DIR; };
		11711FAF1871F2CF00792D36 /* XCTest.framework */ = {isa = PBXFileReference; lastKnownFileType = wrapper.framework; name = XCTest.framework; path = Library/Frameworks/XCTest.framework; sourceTree = DEVELOPER_DIR; };
		11711FB71871F2CF00792D36 /* AutoFlipTests-Info.plist */ = {isa = PBXFileReference; lastKnownFileType = text.plist.xml; path = "AutoFlipTests-Info.plist"; sourceTree = "<group>"; };
		11711FB91871F2CF00792D36 /* en */ = {isa = PBXFileReference; lastKnownFileType = text.plist.strings; name = en; path = en.lproj/InfoPlist.strings; sourceTree = "<group>"; };
		11711FBB1871F2CF00792D36 /* AutoFlipTests.m */ = {isa = PBXFileReference; lastKnownFileType = sourcecode.c.objc; path = AutoFlipTests.m; sourceTree = "<group>"; };
		118C195A1891D152007EB10E /* crypt.h */ = {isa = PBXFileReference; fileEncoding = 4; lastKnownFileType = sourcecode.c.h; path = crypt.h; sourceTree = "<group>"; };
		118C195B1891D152007EB10E /* ioapi.c */ = {isa = PBXFileReference; fileEncoding = 4; lastKnownFileType = sourcecode.c.c; path = ioapi.c; sourceTree = "<group>"; };
		118C195C1891D152007EB10E /* ioapi.h */ = {isa = PBXFileReference; fileEncoding = 4; lastKnownFileType = sourcecode.c.h; path = ioapi.h; sourceTree = "<group>"; };
		118C195D1891D152007EB10E /* mztools.c */ = {isa = PBXFileReference; fileEncoding = 4; lastKnownFileType = sourcecode.c.c; path = mztools.c; sourceTree = "<group>"; };
		118C195E1891D152007EB10E /* mztools.h */ = {isa = PBXFileReference; fileEncoding = 4; lastKnownFileType = sourcecode.c.h; path = mztools.h; sourceTree = "<group>"; };
		118C195F1891D152007EB10E /* unzip.c */ = {isa = PBXFileReference; fileEncoding = 4; lastKnownFileType = sourcecode.c.c; path = unzip.c; sourceTree = "<group>"; };
		118C19601891D152007EB10E /* unzip.h */ = {isa = PBXFileReference; fileEncoding = 4; lastKnownFileType = sourcecode.c.h; path = unzip.h; sourceTree = "<group>"; };
		118C19611891D152007EB10E /* zip.c */ = {isa = PBXFileReference; fileEncoding = 4; lastKnownFileType = sourcecode.c.c; path = zip.c; sourceTree = "<group>"; };
		118C19621891D152007EB10E /* zip.h */ = {isa = PBXFileReference; fileEncoding = 4; lastKnownFileType = sourcecode.c.h; path = zip.h; sourceTree = "<group>"; };
		118C19631891D152007EB10E /* SSZipArchive.h */ = {isa = PBXFileReference; fileEncoding = 4; lastKnownFileType = sourcecode.c.h; path = SSZipArchive.h; sourceTree = "<group>"; };
		118C19641891D152007EB10E /* SSZipArchive.m */ = {isa = PBXFileReference; fileEncoding = 4; lastKnownFileType = sourcecode.c.objc; path = SSZipArchive.m; sourceTree = "<group>"; };
		118C196A1891D162007EB10E /* libz.dylib */ = {isa = PBXFileReference; lastKnownFileType = "compiled.mach-o.dylib"; name = libz.dylib; path = usr/lib/libz.dylib; sourceTree = SDKROOT; };
		1192496D1878F53100BD6868 /* Lato-Black.ttf */ = {isa = PBXFileReference; lastKnownFileType = file; path = "Lato-Black.ttf"; sourceTree = "<group>"; };
		1192496E1878F53100BD6868 /* Lato-BlackItalic.ttf */ = {isa = PBXFileReference; lastKnownFileType = file; path = "Lato-BlackItalic.ttf"; sourceTree = "<group>"; };
		1192496F1878F53100BD6868 /* Lato-Bold.ttf */ = {isa = PBXFileReference; lastKnownFileType = file; path = "Lato-Bold.ttf"; sourceTree = "<group>"; };
		119249701878F53100BD6868 /* Lato-BoldItalic.ttf */ = {isa = PBXFileReference; lastKnownFileType = file; path = "Lato-BoldItalic.ttf"; sourceTree = "<group>"; };
		119249711878F53100BD6868 /* Lato-Hairline.ttf */ = {isa = PBXFileReference; lastKnownFileType = file; path = "Lato-Hairline.ttf"; sourceTree = "<group>"; };
		119249721878F53100BD6868 /* Lato-HairlineItalic.ttf */ = {isa = PBXFileReference; lastKnownFileType = file; path = "Lato-HairlineItalic.ttf"; sourceTree = "<group>"; };
		119249731878F53100BD6868 /* Lato-Italic.ttf */ = {isa = PBXFileReference; lastKnownFileType = file; path = "Lato-Italic.ttf"; sourceTree = "<group>"; };
		119249741878F53100BD6868 /* Lato-Light.ttf */ = {isa = PBXFileReference; lastKnownFileType = file; path = "Lato-Light.ttf"; sourceTree = "<group>"; };
		119249751878F53100BD6868 /* Lato-LightItalic.ttf */ = {isa = PBXFileReference; lastKnownFileType = file; path = "Lato-LightItalic.ttf"; sourceTree = "<group>"; };
		119249761878F53100BD6868 /* Lato-Regular.ttf */ = {isa = PBXFileReference; lastKnownFileType = file; path = "Lato-Regular.ttf"; sourceTree = "<group>"; };
		11946E0B1894D20900A4D17A /* present.png */ = {isa = PBXFileReference; lastKnownFileType = image.png; path = present.png; sourceTree = "<group>"; };
		11946E0C1894D20900A4D17A /* edit.png */ = {isa = PBXFileReference; lastKnownFileType = image.png; path = edit.png; sourceTree = "<group>"; };
		1194B23418772DB8008AD3AE /* KxMenu.h */ = {isa = PBXFileReference; fileEncoding = 4; lastKnownFileType = sourcecode.c.h; name = KxMenu.h; path = AutoFlip/KxMenu.h; sourceTree = "<group>"; };
		1194B23518772DB8008AD3AE /* KxMenu.m */ = {isa = PBXFileReference; fileEncoding = 4; lastKnownFileType = sourcecode.c.objc; name = KxMenu.m; path = AutoFlip/KxMenu.m; sourceTree = "<group>"; };
		11A44135187360EA00FB5863 /* OldCreateCardsViewController.h */ = {isa = PBXFileReference; fileEncoding = 4; lastKnownFileType = sourcecode.c.h; path = OldCreateCardsViewController.h; sourceTree = "<group>"; };
		11A44136187360EA00FB5863 /* OldCreateCardsViewController.m */ = {isa = PBXFileReference; fileEncoding = 4; lastKnownFileType = sourcecode.c.objc; path = OldCreateCardsViewController.m; sourceTree = "<group>"; };
		11A441381873620400FB5863 /* CardDeckViewController.h */ = {isa = PBXFileReference; fileEncoding = 4; lastKnownFileType = sourcecode.c.h; path = CardDeckViewController.h; sourceTree = "<group>"; };
		11A441391873620400FB5863 /* CardDeckViewController.m */ = {isa = PBXFileReference; fileEncoding = 4; lastKnownFileType = sourcecode.c.objc; path = CardDeckViewController.m; sourceTree = "<group>"; };
		11BA10A61881C2E20093851B /* GTLDrive_Sources.m */ = {isa = PBXFileReference; fileEncoding = 4; lastKnownFileType = sourcecode.c.objc; name = GTLDrive_Sources.m; path = Source/Services/Drive/Generated/GTLDrive_Sources.m; sourceTree = "<group>"; };
		11BA10A71881C2E20093851B /* GTLDrive.h */ = {isa = PBXFileReference; fileEncoding = 4; lastKnownFileType = sourcecode.c.h; name = GTLDrive.h; path = Source/Services/Drive/Generated/GTLDrive.h; sourceTree = "<group>"; };
		11BA10AB1881C3690093851B /* GTMOAuth2ViewTouch.xib */ = {isa = PBXFileReference; fileEncoding = 4; lastKnownFileType = file.xib; name = GTMOAuth2ViewTouch.xib; path = AutoFlip/GTMOAuth2ViewTouch.xib; sourceTree = "<group>"; };
		11BA10B11881CB320093851B /* DrEditFileEditDelegate.h */ = {isa = PBXFileReference; lastKnownFileType = sourcecode.c.h; path = DrEditFileEditDelegate.h; sourceTree = "<group>"; };
		11BA10B21881CC580093851B /* DriveFilesListViewController.h */ = {isa = PBXFileReference; fileEncoding = 4; lastKnownFileType = sourcecode.c.h; path = DriveFilesListViewController.h; sourceTree = "<group>"; };
		11BA10B31881CC580093851B /* DriveFilesListViewController.m */ = {isa = PBXFileReference; fileEncoding = 4; lastKnownFileType = sourcecode.c.objc; path = DriveFilesListViewController.m; sourceTree = "<group>"; };
		11BA10B51881CCE50093851B /* DrEditUtilities.h */ = {isa = PBXFileReference; fileEncoding = 4; lastKnownFileType = sourcecode.c.h; path = DrEditUtilities.h; sourceTree = "<group>"; };
		11BA10B61881CCE50093851B /* DrEditUtilities.m */ = {isa = PBXFileReference; fileEncoding = 4; lastKnownFileType = sourcecode.c.objc; path = DrEditUtilities.m; sourceTree = "<group>"; };
		11C75DE718831A7D000EB94B /* libGTLTouchStaticLib.a */ = {isa = PBXFileReference; lastKnownFileType = archive.ar; name = libGTLTouchStaticLib.a; path = "Source/build/Debug-iphoneos/libGTLTouchStaticLib.a"; sourceTree = "<group>"; };
		11D0D113187202D1008CC7FD /* ChooseCardsViewController.h */ = {isa = PBXFileReference; fileEncoding = 4; lastKnownFileType = sourcecode.c.h; path = ChooseCardsViewController.h; sourceTree = "<group>"; };
		11D0D114187202D1008CC7FD /* ChooseCardsViewController.m */ = {isa = PBXFileReference; fileEncoding = 4; lastKnownFileType = sourcecode.c.objc; path = ChooseCardsViewController.m; sourceTree = "<group>"; };
		11D0D11C18720412008CC7FD /* Notecard.h */ = {isa = PBXFileReference; fileEncoding = 4; lastKnownFileType = sourcecode.c.h; path = Notecard.h; sourceTree = "<group>"; };
		11D0D11D18720412008CC7FD /* Notecard.m */ = {isa = PBXFileReference; fileEncoding = 4; lastKnownFileType = sourcecode.c.objc; path = Notecard.m; sourceTree = "<group>"; };
		11D0D11F18720421008CC7FD /* Presentation.h */ = {isa = PBXFileReference; fileEncoding = 4; lastKnownFileType = sourcecode.c.h; path = Presentation.h; sourceTree = "<group>"; };
		11D0D12018720421008CC7FD /* Presentation.m */ = {isa = PBXFileReference; fileEncoding = 4; lastKnownFileType = sourcecode.c.objc; path = Presentation.m; sourceTree = "<group>"; };
		11D0D12218720431008CC7FD /* LibraryAPI.h */ = {isa = PBXFileReference; fileEncoding = 4; lastKnownFileType = sourcecode.c.h; path = LibraryAPI.h; sourceTree = "<group>"; };
		11D0D12318720431008CC7FD /* LibraryAPI.m */ = {isa = PBXFileReference; fileEncoding = 4; lastKnownFileType = sourcecode.c.objc; path = LibraryAPI.m; sourceTree = "<group>"; };
		11D0D1261872075A008CC7FD /* PersistencyManager.h */ = {isa = PBXFileReference; fileEncoding = 4; lastKnownFileType = sourcecode.c.h; path = PersistencyManager.h; sourceTree = "<group>"; };
		11D0D1271872075A008CC7FD /* PersistencyManager.m */ = {isa = PBXFileReference; fileEncoding = 4; lastKnownFileType = sourcecode.c.objc; path = PersistencyManager.m; sourceTree = "<group>"; };
		11D0D12918721356008CC7FD /* PresentationViewController.h */ = {isa = PBXFileReference; fileEncoding = 4; lastKnownFileType = sourcecode.c.h; path = PresentationViewController.h; sourceTree = "<group>"; };
		11D0D12A18721356008CC7FD /* PresentationViewController.m */ = {isa = PBXFileReference; fileEncoding = 4; lastKnownFileType = sourcecode.c.objc; path = PresentationViewController.m; sourceTree = "<group>"; };
		11D0D13A18722DD6008CC7FD /* drive.png */ = {isa = PBXFileReference; lastKnownFileType = image.png; name = drive.png; path = ../drive.png; sourceTree = "<group>"; };
		11D0D13C18722E34008CC7FD /* dropbox.png */ = {isa = PBXFileReference; lastKnownFileType = image.png; name = dropbox.png; path = ../dropbox.png; sourceTree = "<group>"; };
		11D0FBE418994CF6009D067F /* CreateCardsViewController.h */ = {isa = PBXFileReference; fileEncoding = 4; lastKnownFileType = sourcecode.c.h; path = CreateCardsViewController.h; sourceTree = "<group>"; };
		11D0FBE518994CF6009D067F /* CreateCardsViewController.m */ = {isa = PBXFileReference; fileEncoding = 4; lastKnownFileType = sourcecode.c.objc; path = CreateCardsViewController.m; sourceTree = "<group>"; };
		11D11F391878A6620081B1CB /* MZFormSheetBackgroundWindow.h */ = {isa = PBXFileReference; fileEncoding = 4; lastKnownFileType = sourcecode.c.h; path = MZFormSheetBackgroundWindow.h; sourceTree = "<group>"; };
		11D11F3A1878A6620081B1CB /* MZFormSheetBackgroundWindow.m */ = {isa = PBXFileReference; fileEncoding = 4; lastKnownFileType = sourcecode.c.objc; path = MZFormSheetBackgroundWindow.m; sourceTree = "<group>"; };
		11D11F3B1878A6620081B1CB /* MZFormSheetController.h */ = {isa = PBXFileReference; fileEncoding = 4; lastKnownFileType = sourcecode.c.h; path = MZFormSheetController.h; sourceTree = "<group>"; };
		11D11F3C1878A6620081B1CB /* MZFormSheetController.m */ = {isa = PBXFileReference; fileEncoding = 4; lastKnownFileType = sourcecode.c.objc; path = MZFormSheetController.m; sourceTree = "<group>"; };
		11D11F3D1878A6620081B1CB /* MZFormSheetSegue.h */ = {isa = PBXFileReference; fileEncoding = 4; lastKnownFileType = sourcecode.c.h; path = MZFormSheetSegue.h; sourceTree = "<group>"; };
		11D11F3E1878A6620081B1CB /* MZFormSheetSegue.m */ = {isa = PBXFileReference; fileEncoding = 4; lastKnownFileType = sourcecode.c.objc; path = MZFormSheetSegue.m; sourceTree = "<group>"; };
		11D11F3F1878A6620081B1CB /* MZTransition.h */ = {isa = PBXFileReference; fileEncoding = 4; lastKnownFileType = sourcecode.c.h; path = MZTransition.h; sourceTree = "<group>"; };
		11D11F401878A6620081B1CB /* MZTransition.m */ = {isa = PBXFileReference; fileEncoding = 4; lastKnownFileType = sourcecode.c.objc; path = MZTransition.m; sourceTree = "<group>"; };
		11D11F411878A6620081B1CB /* UIImage+Additional.h */ = {isa = PBXFileReference; fileEncoding = 4; lastKnownFileType = sourcecode.c.h; path = "UIImage+Additional.h"; sourceTree = "<group>"; };
		11D11F421878A6620081B1CB /* UIImage+Additional.m */ = {isa = PBXFileReference; fileEncoding = 4; lastKnownFileType = sourcecode.c.objc; path = "UIImage+Additional.m"; sourceTree = "<group>"; };
		11D11F491878A74E0081B1CB /* MZAppearance.h */ = {isa = PBXFileReference; fileEncoding = 4; lastKnownFileType = sourcecode.c.h; path = MZAppearance.h; sourceTree = "<group>"; };
		11D11F4A1878A74E0081B1CB /* MZAppearance.m */ = {isa = PBXFileReference; fileEncoding = 4; lastKnownFileType = sourcecode.c.objc; path = MZAppearance.m; sourceTree = "<group>"; };
		11D11F4B1878A74E0081B1CB /* NSInvocation+Copy.h */ = {isa = PBXFileReference; fileEncoding = 4; lastKnownFileType = sourcecode.c.h; path = "NSInvocation+Copy.h"; sourceTree = "<group>"; };
		11D11F4C1878A74E0081B1CB /* NSInvocation+Copy.m */ = {isa = PBXFileReference; fileEncoding = 4; lastKnownFileType = sourcecode.c.objc; path = "NSInvocation+Copy.m"; sourceTree = "<group>"; };
		11D11F551878AE910081B1CB /* SaveAsViewController.h */ = {isa = PBXFileReference; fileEncoding = 4; lastKnownFileType = sourcecode.c.h; path = SaveAsViewController.h; sourceTree = "<group>"; };
		11D11F561878AE910081B1CB /* SaveAsViewController.m */ = {isa = PBXFileReference; fileEncoding = 4; lastKnownFileType = sourcecode.c.objc; path = SaveAsViewController.m; sourceTree = "<group>"; };
		11D11F571878AE910081B1CB /* SaveAsView.xib */ = {isa = PBXFileReference; fileEncoding = 4; lastKnownFileType = file.xib; path = SaveAsView.xib; sourceTree = "<group>"; };
		11D11F5E1878F0510081B1CB /* FlatUIKit.h */ = {isa = PBXFileReference; fileEncoding = 4; lastKnownFileType = sourcecode.c.h; path = FlatUIKit.h; sourceTree = "<group>"; };
		11D11F5F1878F0510081B1CB /* FUIAlertView.h */ = {isa = PBXFileReference; fileEncoding = 4; lastKnownFileType = sourcecode.c.h; path = FUIAlertView.h; sourceTree = "<group>"; };
		11D11F601878F0510081B1CB /* FUIAlertView.m */ = {isa = PBXFileReference; fileEncoding = 4; lastKnownFileType = sourcecode.c.objc; path = FUIAlertView.m; sourceTree = "<group>"; };
		11D11F611878F0510081B1CB /* FUIButton.h */ = {isa = PBXFileReference; fileEncoding = 4; lastKnownFileType = sourcecode.c.h; path = FUIButton.h; sourceTree = "<group>"; };
		11D11F621878F0510081B1CB /* FUIButton.m */ = {isa = PBXFileReference; fileEncoding = 4; lastKnownFileType = sourcecode.c.objc; path = FUIButton.m; sourceTree = "<group>"; };
		11D11F631878F0510081B1CB /* FUICellBackgroundView.h */ = {isa = PBXFileReference; fileEncoding = 4; lastKnownFileType = sourcecode.c.h; path = FUICellBackgroundView.h; sourceTree = "<group>"; };
		11D11F641878F0510081B1CB /* FUICellBackgroundView.m */ = {isa = PBXFileReference; fileEncoding = 4; lastKnownFileType = sourcecode.c.objc; path = FUICellBackgroundView.m; sourceTree = "<group>"; };
		11D11F651878F0510081B1CB /* FUIPopoverBackgroundView.h */ = {isa = PBXFileReference; fileEncoding = 4; lastKnownFileType = sourcecode.c.h; path = FUIPopoverBackgroundView.h; sourceTree = "<group>"; };
		11D11F661878F0510081B1CB /* FUIPopoverBackgroundView.m */ = {isa = PBXFileReference; fileEncoding = 4; lastKnownFileType = sourcecode.c.objc; path = FUIPopoverBackgroundView.m; sourceTree = "<group>"; };
		11D11F671878F0510081B1CB /* FUISegmentedControl.h */ = {isa = PBXFileReference; fileEncoding = 4; lastKnownFileType = sourcecode.c.h; path = FUISegmentedControl.h; sourceTree = "<group>"; };
		11D11F681878F0510081B1CB /* FUISegmentedControl.m */ = {isa = PBXFileReference; fileEncoding = 4; lastKnownFileType = sourcecode.c.objc; path = FUISegmentedControl.m; sourceTree = "<group>"; };
		11D11F691878F0510081B1CB /* FUISwitch.h */ = {isa = PBXFileReference; fileEncoding = 4; lastKnownFileType = sourcecode.c.h; path = FUISwitch.h; sourceTree = "<group>"; };
		11D11F6A1878F0510081B1CB /* FUISwitch.m */ = {isa = PBXFileReference; fileEncoding = 4; lastKnownFileType = sourcecode.c.objc; path = FUISwitch.m; sourceTree = "<group>"; };
		11D11F6B1878F0510081B1CB /* FUITextField.h */ = {isa = PBXFileReference; fileEncoding = 4; lastKnownFileType = sourcecode.c.h; path = FUITextField.h; sourceTree = "<group>"; };
		11D11F6C1878F0510081B1CB /* FUITextField.m */ = {isa = PBXFileReference; fileEncoding = 4; lastKnownFileType = sourcecode.c.objc; path = FUITextField.m; sourceTree = "<group>"; };
		11D11F6D1878F0510081B1CB /* UIBarButtonItem+FlatUI.h */ = {isa = PBXFileReference; fileEncoding = 4; lastKnownFileType = sourcecode.c.h; path = "UIBarButtonItem+FlatUI.h"; sourceTree = "<group>"; };
		11D11F6E1878F0510081B1CB /* UIBarButtonItem+FlatUI.m */ = {isa = PBXFileReference; fileEncoding = 4; lastKnownFileType = sourcecode.c.objc; path = "UIBarButtonItem+FlatUI.m"; sourceTree = "<group>"; };
		11D11F6F1878F0510081B1CB /* UIColor+FlatUI.h */ = {isa = PBXFileReference; fileEncoding = 4; lastKnownFileType = sourcecode.c.h; path = "UIColor+FlatUI.h"; sourceTree = "<group>"; };
		11D11F701878F0510081B1CB /* UIColor+FlatUI.m */ = {isa = PBXFileReference; fileEncoding = 4; lastKnownFileType = sourcecode.c.objc; path = "UIColor+FlatUI.m"; sourceTree = "<group>"; };
		11D11F711878F0510081B1CB /* UIFont+FlatUI.h */ = {isa = PBXFileReference; fileEncoding = 4; lastKnownFileType = sourcecode.c.h; path = "UIFont+FlatUI.h"; sourceTree = "<group>"; };
		11D11F721878F0510081B1CB /* UIFont+FlatUI.m */ = {isa = PBXFileReference; fileEncoding = 4; lastKnownFileType = sourcecode.c.objc; path = "UIFont+FlatUI.m"; sourceTree = "<group>"; };
		11D11F731878F0510081B1CB /* UIImage+FlatUI.h */ = {isa = PBXFileReference; fileEncoding = 4; lastKnownFileType = sourcecode.c.h; path = "UIImage+FlatUI.h"; sourceTree = "<group>"; };
		11D11F741878F0510081B1CB /* UIImage+FlatUI.m */ = {isa = PBXFileReference; fileEncoding = 4; lastKnownFileType = sourcecode.c.objc; path = "UIImage+FlatUI.m"; sourceTree = "<group>"; };
		11D11F751878F0510081B1CB /* UINavigationBar+FlatUI.h */ = {isa = PBXFileReference; fileEncoding = 4; lastKnownFileType = sourcecode.c.h; path = "UINavigationBar+FlatUI.h"; sourceTree = "<group>"; };
		11D11F761878F0510081B1CB /* UINavigationBar+FlatUI.m */ = {isa = PBXFileReference; fileEncoding = 4; lastKnownFileType = sourcecode.c.objc; path = "UINavigationBar+FlatUI.m"; sourceTree = "<group>"; };
		11D11F771878F0510081B1CB /* UIPopoverController+FlatUI.h */ = {isa = PBXFileReference; fileEncoding = 4; lastKnownFileType = sourcecode.c.h; path = "UIPopoverController+FlatUI.h"; sourceTree = "<group>"; };
		11D11F781878F0510081B1CB /* UIPopoverController+FlatUI.m */ = {isa = PBXFileReference; fileEncoding = 4; lastKnownFileType = sourcecode.c.objc; path = "UIPopoverController+FlatUI.m"; sourceTree = "<group>"; };
		11D11F791878F0510081B1CB /* UIProgressView+FlatUI.h */ = {isa = PBXFileReference; fileEncoding = 4; lastKnownFileType = sourcecode.c.h; path = "UIProgressView+FlatUI.h"; sourceTree = "<group>"; };
		11D11F7A1878F0510081B1CB /* UIProgressView+FlatUI.m */ = {isa = PBXFileReference; fileEncoding = 4; lastKnownFileType = sourcecode.c.objc; path = "UIProgressView+FlatUI.m"; sourceTree = "<group>"; };
		11D11F7B1878F0510081B1CB /* UISlider+FlatUI.h */ = {isa = PBXFileReference; fileEncoding = 4; lastKnownFileType = sourcecode.c.h; path = "UISlider+FlatUI.h"; sourceTree = "<group>"; };
		11D11F7C1878F0510081B1CB /* UISlider+FlatUI.m */ = {isa = PBXFileReference; fileEncoding = 4; lastKnownFileType = sourcecode.c.objc; path = "UISlider+FlatUI.m"; sourceTree = "<group>"; };
		11D11F7D1878F0510081B1CB /* UIStepper+FlatUI.h */ = {isa = PBXFileReference; fileEncoding = 4; lastKnownFileType = sourcecode.c.h; path = "UIStepper+FlatUI.h"; sourceTree = "<group>"; };
		11D11F7E1878F0510081B1CB /* UIStepper+FlatUI.m */ = {isa = PBXFileReference; fileEncoding = 4; lastKnownFileType = sourcecode.c.objc; path = "UIStepper+FlatUI.m"; sourceTree = "<group>"; };
		11D11F7F1878F0510081B1CB /* UITabBar+FlatUI.h */ = {isa = PBXFileReference; fileEncoding = 4; lastKnownFileType = sourcecode.c.h; path = "UITabBar+FlatUI.h"; sourceTree = "<group>"; };
		11D11F801878F0510081B1CB /* UITabBar+FlatUI.m */ = {isa = PBXFileReference; fileEncoding = 4; lastKnownFileType = sourcecode.c.objc; path = "UITabBar+FlatUI.m"; sourceTree = "<group>"; };
		11D11F811878F0510081B1CB /* UITableViewCell+FlatUI.h */ = {isa = PBXFileReference; fileEncoding = 4; lastKnownFileType = sourcecode.c.h; path = "UITableViewCell+FlatUI.h"; sourceTree = "<group>"; };
		11D11F821878F0510081B1CB /* UITableViewCell+FlatUI.m */ = {isa = PBXFileReference; fileEncoding = 4; lastKnownFileType = sourcecode.c.objc; path = "UITableViewCell+FlatUI.m"; sourceTree = "<group>"; };
		11D11F831878F0510081B1CB /* UIToolbar+FlatUI.h */ = {isa = PBXFileReference; fileEncoding = 4; lastKnownFileType = sourcecode.c.h; path = "UIToolbar+FlatUI.h"; sourceTree = "<group>"; };
		11D11F841878F0510081B1CB /* UIToolbar+FlatUI.m */ = {isa = PBXFileReference; fileEncoding = 4; lastKnownFileType = sourcecode.c.objc; path = "UIToolbar+FlatUI.m"; sourceTree = "<group>"; };
		11D208851895760A00345BD3 /* DesignManager.h */ = {isa = PBXFileReference; fileEncoding = 4; lastKnownFileType = sourcecode.c.h; path = DesignManager.h; sourceTree = "<group>"; };
		11D208861895760A00345BD3 /* DesignManager.m */ = {isa = PBXFileReference; fileEncoding = 4; lastKnownFileType = sourcecode.c.objc; path = DesignManager.m; sourceTree = "<group>"; };
		11DC90611874D39600C069D8 /* NewCardDeckViewController.h */ = {isa = PBXFileReference; fileEncoding = 4; lastKnownFileType = sourcecode.c.h; path = NewCardDeckViewController.h; sourceTree = "<group>"; };
		11DC90621874D39600C069D8 /* NewCardDeckViewController.m */ = {isa = PBXFileReference; fileEncoding = 4; lastKnownFileType = sourcecode.c.objc; path = NewCardDeckViewController.m; sourceTree = "<group>"; };
		11E8F76318903EE300A6DF5C /* custom.png */ = {isa = PBXFileReference; lastKnownFileType = image.png; path = custom.png; sourceTree = "<group>"; };
		11F0C87B1880761E0056CD66 /* DropboxSDK.framework */ = {isa = PBXFileReference; lastKnownFileType = wrapper.framework; path = DropboxSDK.framework; sourceTree = "<group>"; };
		11F0C87D1880AE710056CD66 /* DBChooser.framework */ = {isa = PBXFileReference; lastKnownFileType = wrapper.framework; path = DBChooser.framework; sourceTree = "<group>"; };
		11F0C87E1880AE710056CD66 /* DBChooser.bundle */ = {isa = PBXFileReference; lastKnownFileType = "wrapper.plug-in"; path = DBChooser.bundle; sourceTree = "<group>"; };
		11F0C9C21880F8130056CD66 /* Security.framework */ = {isa = PBXFileReference; lastKnownFileType = wrapper.framework; name = Security.framework; path = System/Library/Frameworks/Security.framework; sourceTree = SDKROOT; };
		11F0C9C41880F81E0056CD66 /* SystemConfiguration.framework */ = {isa = PBXFileReference; lastKnownFileType = wrapper.framework; name = SystemConfiguration.framework; path = System/Library/Frameworks/SystemConfiguration.framework; sourceTree = SDKROOT; };
		11F0C9C61880F82E0056CD66 /* MobileCoreServices.framework */ = {isa = PBXFileReference; lastKnownFileType = wrapper.framework; name = MobileCoreServices.framework; path = System/Library/Frameworks/MobileCoreServices.framework; sourceTree = SDKROOT; };
		11FC52711880F97300195730 /* GTMOAuth2ViewTouch.xib */ = {isa = PBXFileReference; fileEncoding = 4; lastKnownFileType = file.xib; name = GTMOAuth2ViewTouch.xib; path = "google-api-objectivec-client/Source/OAuth2/Touch/GTMOAuth2ViewTouch.xib"; sourceTree = SOURCE_ROOT; };
/* End PBXFileReference section */

/* Begin PBXFrameworksBuildPhase section */
		11711F8A1871F2CF00792D36 /* Frameworks */ = {
			isa = PBXFrameworksBuildPhase;
			buildActionMask = 2147483647;
			files = (
				111A0C7D1895B5E5009D5E58 /* libz.dylib in Frameworks */,
				11C75DE818831A7D000EB94B /* libGTLTouchStaticLib.a in Frameworks */,
				11F0C9C71880F82E0056CD66 /* MobileCoreServices.framework in Frameworks */,
				11F0C9C51880F81E0056CD66 /* SystemConfiguration.framework in Frameworks */,
				11F0C9C31880F8130056CD66 /* Security.framework in Frameworks */,
				116FD85A187B53B900BC4643 /* AudioToolbox.framework in Frameworks */,
				116FD864187B53F400BC4643 /* Slt.framework in Frameworks */,
				116FD85B187B53B900BC4643 /* AVFoundation.framework in Frameworks */,
				11F0C87C1880761E0056CD66 /* DropboxSDK.framework in Frameworks */,
				11711F931871F2CF00792D36 /* CoreGraphics.framework in Frameworks */,
				11711F951871F2CF00792D36 /* UIKit.framework in Frameworks */,
				11711F911871F2CF00792D36 /* Foundation.framework in Frameworks */,
				116FD863187B53F400BC4643 /* OpenEars.framework in Frameworks */,
				11F0C87F1880AE710056CD66 /* DBChooser.framework in Frameworks */,
			);
			runOnlyForDeploymentPostprocessing = 0;
		};
		11711FAB1871F2CF00792D36 /* Frameworks */ = {
			isa = PBXFrameworksBuildPhase;
			buildActionMask = 2147483647;
			files = (
				11711FB01871F2CF00792D36 /* XCTest.framework in Frameworks */,
				11711FB21871F2CF00792D36 /* UIKit.framework in Frameworks */,
				11711FB11871F2CF00792D36 /* Foundation.framework in Frameworks */,
			);
			runOnlyForDeploymentPostprocessing = 0;
		};
/* End PBXFrameworksBuildPhase section */

/* Begin PBXGroup section */
		116AE53F1874AD7E008EE410 /* iPad */ = {
			isa = PBXGroup;
			children = (
			);
			name = iPad;
			sourceTree = "<group>";
		};
		11711F841871F2CF00792D36 = {
			isa = PBXGroup;
			children = (
				11711F961871F2CF00792D36 /* AutoFlip */,
				11711FB51871F2CF00792D36 /* AutoFlipTests */,
				1192496C1878F53100BD6868 /* Resources */,
				11D11F5A1878EFF80081B1CB /* vendor */,
				11711F8F1871F2CF00792D36 /* Frameworks */,
				11711F8E1871F2CF00792D36 /* Products */,
			);
			sourceTree = "<group>";
		};
		11711F8E1871F2CF00792D36 /* Products */ = {
			isa = PBXGroup;
			children = (
				11711F8D1871F2CF00792D36 /* AutoFlip.app */,
				11711FAE1871F2CF00792D36 /* AutoFlipTests.xctest */,
			);
			name = Products;
			sourceTree = "<group>";
		};
		11711F8F1871F2CF00792D36 /* Frameworks */ = {
			isa = PBXGroup;
			children = (
				111A0C7A1895B57F009D5E58 /* GTL.framework */,
				118C196A1891D162007EB10E /* libz.dylib */,
				11C75DE718831A7D000EB94B /* libGTLTouchStaticLib.a */,
				11F0C9C61880F82E0056CD66 /* MobileCoreServices.framework */,
				11F0C9C41880F81E0056CD66 /* SystemConfiguration.framework */,
				11F0C9C21880F8130056CD66 /* Security.framework */,
				11F0C87D1880AE710056CD66 /* DBChooser.framework */,
				11F0C87E1880AE710056CD66 /* DBChooser.bundle */,
				11F0C87B1880761E0056CD66 /* DropboxSDK.framework */,
				116FD85D187B53F400BC4643 /* AcousticModelEnglish.bundle */,
				116FD85E187B53F400BC4643 /* AcousticModelSpanish.bundle */,
				116FD85F187B53F400BC4643 /* OpenEars.framework */,
				116FD860187B53F400BC4643 /* Slt.framework */,
				116FD858187B53B900BC4643 /* AudioToolbox.framework */,
				116FD859187B53B900BC4643 /* AVFoundation.framework */,
				11711F901871F2CF00792D36 /* Foundation.framework */,
				11711F921871F2CF00792D36 /* CoreGraphics.framework */,
				11711F941871F2CF00792D36 /* UIKit.framework */,
				11711FAF1871F2CF00792D36 /* XCTest.framework */,
			);
			name = Frameworks;
			sourceTree = "<group>";
		};
		11711F961871F2CF00792D36 /* AutoFlip */ = {
			isa = PBXGroup;
			children = (
				116AE53F1874AD7E008EE410 /* iPad */,
				11D0D12518720432008CC7FD /* API */,
				11D0D11B18720345008CC7FD /* Controllers */,
				11D0D11A18720342008CC7FD /* Views */,
				11D0D11918720339008CC7FD /* Models */,
				11711F9F1871F2CF00792D36 /* AppDelegate.h */,
				11711FA01871F2CF00792D36 /* AppDelegate.m */,
				11711FA81871F2CF00792D36 /* Images.xcassets */,
				11711F971871F2CF00792D36 /* Supporting Files */,
				116BFBF3189D620F008663CE /* UITextView+AutoResizeFont.h */,
				116BFBF4189D620F008663CE /* UITextView+AutoResizeFont.m */,
			);
			path = AutoFlip;
			sourceTree = "<group>";
		};
		11711F971871F2CF00792D36 /* Supporting Files */ = {
			isa = PBXGroup;
			children = (
				11D0FBE718994CFA009D067F /* Deprecated */,
				11FC52711880F97300195730 /* GTMOAuth2ViewTouch.xib */,
				11711F981871F2CF00792D36 /* AutoFlip-Info.plist */,
				11711F991871F2CF00792D36 /* InfoPlist.strings */,
				11711F9C1871F2CF00792D36 /* main.m */,
				11711F9E1871F2CF00792D36 /* AutoFlip-Prefix.pch */,
			);
			name = "Supporting Files";
			sourceTree = "<group>";
		};
		11711FB51871F2CF00792D36 /* AutoFlipTests */ = {
			isa = PBXGroup;
			children = (
				11711FBB1871F2CF00792D36 /* AutoFlipTests.m */,
				11711FB61871F2CF00792D36 /* Supporting Files */,
			);
			path = AutoFlipTests;
			sourceTree = "<group>";
		};
		11711FB61871F2CF00792D36 /* Supporting Files */ = {
			isa = PBXGroup;
			children = (
				11711FB71871F2CF00792D36 /* AutoFlipTests-Info.plist */,
				11711FB81871F2CF00792D36 /* InfoPlist.strings */,
			);
			name = "Supporting Files";
			sourceTree = "<group>";
		};
		118C19581891D152007EB10E /* SSZipArchive */ = {
			isa = PBXGroup;
			children = (
				118C19591891D152007EB10E /* minizip */,
				118C19631891D152007EB10E /* SSZipArchive.h */,
				118C19641891D152007EB10E /* SSZipArchive.m */,
			);
			path = SSZipArchive;
			sourceTree = "<group>";
		};
		118C19591891D152007EB10E /* minizip */ = {
			isa = PBXGroup;
			children = (
				118C195A1891D152007EB10E /* crypt.h */,
				118C195B1891D152007EB10E /* ioapi.c */,
				118C195C1891D152007EB10E /* ioapi.h */,
				118C195D1891D152007EB10E /* mztools.c */,
				118C195E1891D152007EB10E /* mztools.h */,
				118C195F1891D152007EB10E /* unzip.c */,
				118C19601891D152007EB10E /* unzip.h */,
				118C19611891D152007EB10E /* zip.c */,
				118C19621891D152007EB10E /* zip.h */,
			);
			path = minizip;
			sourceTree = "<group>";
		};
		1192496C1878F53100BD6868 /* Resources */ = {
			isa = PBXGroup;
			children = (
				11946E0B1894D20900A4D17A /* present.png */,
				11946E0C1894D20900A4D17A /* edit.png */,
				11E8F76318903EE300A6DF5C /* custom.png */,
				11D0D13C18722E34008CC7FD /* dropbox.png */,
				11D0D13A18722DD6008CC7FD /* drive.png */,
				1192496D1878F53100BD6868 /* Lato-Black.ttf */,
				1192496E1878F53100BD6868 /* Lato-BlackItalic.ttf */,
				1192496F1878F53100BD6868 /* Lato-Bold.ttf */,
				119249701878F53100BD6868 /* Lato-BoldItalic.ttf */,
				119249711878F53100BD6868 /* Lato-Hairline.ttf */,
				119249721878F53100BD6868 /* Lato-HairlineItalic.ttf */,
				119249731878F53100BD6868 /* Lato-Italic.ttf */,
				119249741878F53100BD6868 /* Lato-Light.ttf */,
				119249751878F53100BD6868 /* Lato-LightItalic.ttf */,
				119249761878F53100BD6868 /* Lato-Regular.ttf */,
			);
			path = Resources;
			sourceTree = "<group>";
		};
		11A4413B1873624F00FB5863 /* CardDeckViewControllers */ = {
			isa = PBXGroup;
			children = (
				11D11F511878AE470081B1CB /* CreateCardsViewControllers */,
				11A441381873620400FB5863 /* CardDeckViewController.h */,
				11A441391873620400FB5863 /* CardDeckViewController.m */,
				11D0D12918721356008CC7FD /* PresentationViewController.h */,
				11D0D12A18721356008CC7FD /* PresentationViewController.m */,
			);
			name = CardDeckViewControllers;
			sourceTree = "<group>";
		};
		11D0D11918720339008CC7FD /* Models */ = {
			isa = PBXGroup;
			children = (
				11D0D11C18720412008CC7FD /* Notecard.h */,
				11D0D11D18720412008CC7FD /* Notecard.m */,
				11D0D11F18720421008CC7FD /* Presentation.h */,
				11D0D12018720421008CC7FD /* Presentation.m */,
			);
			name = Models;
			sourceTree = "<group>";
		};
		11D0D11A18720342008CC7FD /* Views */ = {
			isa = PBXGroup;
			children = (
				11711FA21871F2CF00792D36 /* Main.storyboard */,
			);
			name = Views;
			sourceTree = "<group>";
		};
		11D0D11B18720345008CC7FD /* Controllers */ = {
			isa = PBXGroup;
			children = (
				11BA10B21881CC580093851B /* DriveFilesListViewController.h */,
				11BA10B31881CC580093851B /* DriveFilesListViewController.m */,
				11A4413B1873624F00FB5863 /* CardDeckViewControllers */,
				11711FA51871F2CF00792D36 /* ViewController.h */,
				11711FA61871F2CF00792D36 /* ViewController.m */,
				11D0D113187202D1008CC7FD /* ChooseCardsViewController.h */,
				11D0D114187202D1008CC7FD /* ChooseCardsViewController.m */,
				11DC90611874D39600C069D8 /* NewCardDeckViewController.h */,
				11DC90621874D39600C069D8 /* NewCardDeckViewController.m */,
			);
			name = Controllers;
			sourceTree = "<group>";
		};
		11D0D12518720432008CC7FD /* API */ = {
			isa = PBXGroup;
			children = (
				11D0D12218720431008CC7FD /* LibraryAPI.h */,
				11D0D12318720431008CC7FD /* LibraryAPI.m */,
				11D0D1261872075A008CC7FD /* PersistencyManager.h */,
				11D0D1271872075A008CC7FD /* PersistencyManager.m */,
				11D208851895760A00345BD3 /* DesignManager.h */,
				11D208861895760A00345BD3 /* DesignManager.m */,
			);
			name = API;
			sourceTree = "<group>";
		};
		11D0FBE718994CFA009D067F /* Deprecated */ = {
			isa = PBXGroup;
			children = (
				11A44135187360EA00FB5863 /* OldCreateCardsViewController.h */,
				11A44136187360EA00FB5863 /* OldCreateCardsViewController.m */,
			);
			name = Deprecated;
			sourceTree = "<group>";
		};
		11D11F381878A6620081B1CB /* MZFormSheetController */ = {
			isa = PBXGroup;
			children = (
				11D11F481878A74E0081B1CB /* Additional */,
				11D11F391878A6620081B1CB /* MZFormSheetBackgroundWindow.h */,
				11D11F3A1878A6620081B1CB /* MZFormSheetBackgroundWindow.m */,
				11D11F3B1878A6620081B1CB /* MZFormSheetController.h */,
				11D11F3C1878A6620081B1CB /* MZFormSheetController.m */,
				11D11F3D1878A6620081B1CB /* MZFormSheetSegue.h */,
				11D11F3E1878A6620081B1CB /* MZFormSheetSegue.m */,
				11D11F3F1878A6620081B1CB /* MZTransition.h */,
				11D11F401878A6620081B1CB /* MZTransition.m */,
				11D11F411878A6620081B1CB /* UIImage+Additional.h */,
				11D11F421878A6620081B1CB /* UIImage+Additional.m */,
			);
			name = MZFormSheetController;
			path = AutoFlip/MZFormSheetController;
			sourceTree = "<group>";
		};
		11D11F481878A74E0081B1CB /* Additional */ = {
			isa = PBXGroup;
			children = (
				11D11F491878A74E0081B1CB /* MZAppearance.h */,
				11D11F4A1878A74E0081B1CB /* MZAppearance.m */,
				11D11F4B1878A74E0081B1CB /* NSInvocation+Copy.h */,
				11D11F4C1878A74E0081B1CB /* NSInvocation+Copy.m */,
			);
			path = Additional;
			sourceTree = "<group>";
		};
		11D11F511878AE470081B1CB /* CreateCardsViewControllers */ = {
			isa = PBXGroup;
			children = (
				11D0FBE418994CF6009D067F /* CreateCardsViewController.h */,
				11D0FBE518994CF6009D067F /* CreateCardsViewController.m */,
				11D11F551878AE910081B1CB /* SaveAsViewController.h */,
				11D11F561878AE910081B1CB /* SaveAsViewController.m */,
				11D11F571878AE910081B1CB /* SaveAsView.xib */,
			);
			name = CreateCardsViewControllers;
			sourceTree = "<group>";
		};
		11D11F5A1878EFF80081B1CB /* vendor */ = {
			isa = PBXGroup;
			children = (
				118C19581891D152007EB10E /* SSZipArchive */,
				11BA10B51881CCE50093851B /* DrEditUtilities.h */,
				11BA10B61881CCE50093851B /* DrEditUtilities.m */,
				11BA10B11881CB320093851B /* DrEditFileEditDelegate.h */,
				11BA10AB1881C3690093851B /* GTMOAuth2ViewTouch.xib */,
				11BA10A61881C2E20093851B /* GTLDrive_Sources.m */,
				11BA10A71881C2E20093851B /* GTLDrive.h */,
				1194B23418772DB8008AD3AE /* KxMenu.h */,
				1194B23518772DB8008AD3AE /* KxMenu.m */,
				11D11F381878A6620081B1CB /* MZFormSheetController */,
				11D11F5B1878F0430081B1CB /* FlatUIKit */,
			);
			name = vendor;
			sourceTree = "<group>";
		};
		11D11F5B1878F0430081B1CB /* FlatUIKit */ = {
			isa = PBXGroup;
			children = (
				11D11F5C1878F0510081B1CB /* Classes */,
			);
			name = FlatUIKit;
			sourceTree = "<group>";
		};
		11D11F5C1878F0510081B1CB /* Classes */ = {
			isa = PBXGroup;
			children = (
				11D11F5D1878F0510081B1CB /* ios */,
			);
			path = Classes;
			sourceTree = "<group>";
		};
		11D11F5D1878F0510081B1CB /* ios */ = {
			isa = PBXGroup;
			children = (
				11D11F5E1878F0510081B1CB /* FlatUIKit.h */,
				11D11F5F1878F0510081B1CB /* FUIAlertView.h */,
				11D11F601878F0510081B1CB /* FUIAlertView.m */,
				11D11F611878F0510081B1CB /* FUIButton.h */,
				11D11F621878F0510081B1CB /* FUIButton.m */,
				11D11F631878F0510081B1CB /* FUICellBackgroundView.h */,
				11D11F641878F0510081B1CB /* FUICellBackgroundView.m */,
				11D11F651878F0510081B1CB /* FUIPopoverBackgroundView.h */,
				11D11F661878F0510081B1CB /* FUIPopoverBackgroundView.m */,
				11D11F671878F0510081B1CB /* FUISegmentedControl.h */,
				11D11F681878F0510081B1CB /* FUISegmentedControl.m */,
				11D11F691878F0510081B1CB /* FUISwitch.h */,
				11D11F6A1878F0510081B1CB /* FUISwitch.m */,
				11D11F6B1878F0510081B1CB /* FUITextField.h */,
				11D11F6C1878F0510081B1CB /* FUITextField.m */,
				11D11F6D1878F0510081B1CB /* UIBarButtonItem+FlatUI.h */,
				11D11F6E1878F0510081B1CB /* UIBarButtonItem+FlatUI.m */,
				11D11F6F1878F0510081B1CB /* UIColor+FlatUI.h */,
				11D11F701878F0510081B1CB /* UIColor+FlatUI.m */,
				11D11F711878F0510081B1CB /* UIFont+FlatUI.h */,
				11D11F721878F0510081B1CB /* UIFont+FlatUI.m */,
				11D11F731878F0510081B1CB /* UIImage+FlatUI.h */,
				11D11F741878F0510081B1CB /* UIImage+FlatUI.m */,
				11D11F751878F0510081B1CB /* UINavigationBar+FlatUI.h */,
				11D11F761878F0510081B1CB /* UINavigationBar+FlatUI.m */,
				11D11F771878F0510081B1CB /* UIPopoverController+FlatUI.h */,
				11D11F781878F0510081B1CB /* UIPopoverController+FlatUI.m */,
				11D11F791878F0510081B1CB /* UIProgressView+FlatUI.h */,
				11D11F7A1878F0510081B1CB /* UIProgressView+FlatUI.m */,
				11D11F7B1878F0510081B1CB /* UISlider+FlatUI.h */,
				11D11F7C1878F0510081B1CB /* UISlider+FlatUI.m */,
				11D11F7D1878F0510081B1CB /* UIStepper+FlatUI.h */,
				11D11F7E1878F0510081B1CB /* UIStepper+FlatUI.m */,
				11D11F7F1878F0510081B1CB /* UITabBar+FlatUI.h */,
				11D11F801878F0510081B1CB /* UITabBar+FlatUI.m */,
				11D11F811878F0510081B1CB /* UITableViewCell+FlatUI.h */,
				11D11F821878F0510081B1CB /* UITableViewCell+FlatUI.m */,
				11D11F831878F0510081B1CB /* UIToolbar+FlatUI.h */,
				11D11F841878F0510081B1CB /* UIToolbar+FlatUI.m */,
			);
			path = ios;
			sourceTree = "<group>";
		};
/* End PBXGroup section */

/* Begin PBXNativeTarget section */
		11711F8C1871F2CF00792D36 /* AutoFlip */ = {
			isa = PBXNativeTarget;
			buildConfigurationList = 11711FBF1871F2CF00792D36 /* Build configuration list for PBXNativeTarget "AutoFlip" */;
			buildPhases = (
				11711F891871F2CF00792D36 /* Sources */,
				11711F8A1871F2CF00792D36 /* Frameworks */,
				11711F8B1871F2CF00792D36 /* Resources */,
			);
			buildRules = (
			);
			dependencies = (
			);
			name = AutoFlip;
			productName = AutoFlip;
			productReference = 11711F8D1871F2CF00792D36 /* AutoFlip.app */;
			productType = "com.apple.product-type.application";
		};
		11711FAD1871F2CF00792D36 /* AutoFlipTests */ = {
			isa = PBXNativeTarget;
			buildConfigurationList = 11711FC21871F2CF00792D36 /* Build configuration list for PBXNativeTarget "AutoFlipTests" */;
			buildPhases = (
				11711FAA1871F2CF00792D36 /* Sources */,
				11711FAB1871F2CF00792D36 /* Frameworks */,
				11711FAC1871F2CF00792D36 /* Resources */,
			);
			buildRules = (
			);
			dependencies = (
				11711FB41871F2CF00792D36 /* PBXTargetDependency */,
			);
			name = AutoFlipTests;
			productName = AutoFlipTests;
			productReference = 11711FAE1871F2CF00792D36 /* AutoFlipTests.xctest */;
			productType = "com.apple.product-type.bundle.unit-test";
		};
/* End PBXNativeTarget section */

/* Begin PBXProject section */
		11711F851871F2CF00792D36 /* Project object */ = {
			isa = PBXProject;
			attributes = {
				LastUpgradeCheck = 0500;
				ORGANIZATIONNAME = "Steve John Vitali";
				TargetAttributes = {
					11711F8C1871F2CF00792D36 = {
						DevelopmentTeam = Z5AR6RGC9X;
					};
					11711FAD1871F2CF00792D36 = {
						TestTargetID = 11711F8C1871F2CF00792D36;
					};
				};
			};
			buildConfigurationList = 11711F881871F2CF00792D36 /* Build configuration list for PBXProject "AutoFlip" */;
			compatibilityVersion = "Xcode 3.2";
			developmentRegion = English;
			hasScannedForEncodings = 0;
			knownRegions = (
				en,
				Base,
			);
			mainGroup = 11711F841871F2CF00792D36;
			productRefGroup = 11711F8E1871F2CF00792D36 /* Products */;
			projectDirPath = "";
			projectRoot = "";
			targets = (
				11711F8C1871F2CF00792D36 /* AutoFlip */,
				11711FAD1871F2CF00792D36 /* AutoFlipTests */,
			);
		};
/* End PBXProject section */

/* Begin PBXResourcesBuildPhase section */
		11711F8B1871F2CF00792D36 /* Resources */ = {
			isa = PBXResourcesBuildPhase;
			buildActionMask = 2147483647;
			files = (
				11BA10AD1881C4460093851B /* GTMOAuth2ViewTouch.xib in Resources */,
				1192497E1878F53100BD6868 /* Lato-Light.ttf in Resources */,
				11711FA91871F2CF00792D36 /* Images.xcassets in Resources */,
				116FD862187B53F400BC4643 /* AcousticModelSpanish.bundle in Resources */,
				119249791878F53100BD6868 /* Lato-Bold.ttf in Resources */,
				1192497B1878F53100BD6868 /* Lato-Hairline.ttf in Resources */,
				11711F9B1871F2CF00792D36 /* InfoPlist.strings in Resources */,
				1192497A1878F53100BD6868 /* Lato-BoldItalic.ttf in Resources */,
				11D11F591878AE910081B1CB /* SaveAsView.xib in Resources */,
				11E8F76418903EE300A6DF5C /* custom.png in Resources */,
				11946E0D1894D20900A4D17A /* present.png in Resources */,
				11F0C8801880AE710056CD66 /* DBChooser.bundle in Resources */,
				1192497C1878F53100BD6868 /* Lato-HairlineItalic.ttf in Resources */,
				116FD861187B53F400BC4643 /* AcousticModelEnglish.bundle in Resources */,
				1192497D1878F53100BD6868 /* Lato-Italic.ttf in Resources */,
				119249771878F53100BD6868 /* Lato-Black.ttf in Resources */,
				1192497F1878F53100BD6868 /* Lato-LightItalic.ttf in Resources */,
				119249781878F53100BD6868 /* Lato-BlackItalic.ttf in Resources */,
				11D0D13D18722E34008CC7FD /* dropbox.png in Resources */,
				11D0D13B18722DD6008CC7FD /* drive.png in Resources */,
				11711FA41871F2CF00792D36 /* Main.storyboard in Resources */,
				11946E0E1894D20900A4D17A /* edit.png in Resources */,
				119249801878F53100BD6868 /* Lato-Regular.ttf in Resources */,
			);
			runOnlyForDeploymentPostprocessing = 0;
		};
		11711FAC1871F2CF00792D36 /* Resources */ = {
			isa = PBXResourcesBuildPhase;
			buildActionMask = 2147483647;
			files = (
				11711FBA1871F2CF00792D36 /* InfoPlist.strings in Resources */,
			);
			runOnlyForDeploymentPostprocessing = 0;
		};
/* End PBXResourcesBuildPhase section */

/* Begin PBXSourcesBuildPhase section */
		11711F891871F2CF00792D36 /* Sources */ = {
			isa = PBXSourcesBuildPhase;
			buildActionMask = 2147483647;
			files = (
				11D11F901878F0510081B1CB /* UINavigationBar+FlatUI.m in Sources */,
				11D0D12418720431008CC7FD /* LibraryAPI.m in Sources */,
				11A44137187360EA00FB5863 /* OldCreateCardsViewController.m in Sources */,
				11D0D1281872075A008CC7FD /* PersistencyManager.m in Sources */,
				11D11F431878A6620081B1CB /* MZFormSheetBackgroundWindow.m in Sources */,
				11D11F881878F0510081B1CB /* FUIPopoverBackgroundView.m in Sources */,
				118C19681891D152007EB10E /* zip.c in Sources */,
				11711FA71871F2CF00792D36 /* ViewController.m in Sources */,
				11D0D115187202D1008CC7FD /* ChooseCardsViewController.m in Sources */,
				11D11F451878A6620081B1CB /* MZFormSheetSegue.m in Sources */,
				11D11F8F1878F0510081B1CB /* UIImage+FlatUI.m in Sources */,
				11D11F4D1878A74E0081B1CB /* MZAppearance.m in Sources */,
				11D11F961878F0510081B1CB /* UITableViewCell+FlatUI.m in Sources */,
				11D11F8D1878F0510081B1CB /* UIColor+FlatUI.m in Sources */,
				1194B23618772DB8008AD3AE /* KxMenu.m in Sources */,
				11D0D11E18720412008CC7FD /* Notecard.m in Sources */,
				11D11F8A1878F0510081B1CB /* FUISwitch.m in Sources */,
				11D11F931878F0510081B1CB /* UISlider+FlatUI.m in Sources */,
				11D11F461878A6620081B1CB /* MZTransition.m in Sources */,
				11D11F8E1878F0510081B1CB /* UIFont+FlatUI.m in Sources */,
				118C19691891D152007EB10E /* SSZipArchive.m in Sources */,
				11D11F971878F0510081B1CB /* UIToolbar+FlatUI.m in Sources */,
				11D11F871878F0510081B1CB /* FUICellBackgroundView.m in Sources */,
				11D11F951878F0510081B1CB /* UITabBar+FlatUI.m in Sources */,
				11D11F471878A6620081B1CB /* UIImage+Additional.m in Sources */,
				11D11F921878F0510081B1CB /* UIProgressView+FlatUI.m in Sources */,
				11BA10B41881CC580093851B /* DriveFilesListViewController.m in Sources */,
				11D11F891878F0510081B1CB /* FUISegmentedControl.m in Sources */,
				11D0FBE618994CF6009D067F /* CreateCardsViewController.m in Sources */,
				11A4413A1873620400FB5863 /* CardDeckViewController.m in Sources */,
				11D11F861878F0510081B1CB /* FUIButton.m in Sources */,
				11D11F8B1878F0510081B1CB /* FUITextField.m in Sources */,
				116BFBF5189D620F008663CE /* UITextView+AutoResizeFont.m in Sources */,
				118C19661891D152007EB10E /* mztools.c in Sources */,
				11D11F911878F0510081B1CB /* UIPopoverController+FlatUI.m in Sources */,
				118C19651891D152007EB10E /* ioapi.c in Sources */,
				11D0D12118720421008CC7FD /* Presentation.m in Sources */,
				11D11F851878F0510081B1CB /* FUIAlertView.m in Sources */,
				11DC90631874D39600C069D8 /* NewCardDeckViewController.m in Sources */,
				11D11F441878A6620081B1CB /* MZFormSheetController.m in Sources */,
				11711FA11871F2CF00792D36 /* AppDelegate.m in Sources */,
				11BA10B71881CCE50093851B /* DrEditUtilities.m in Sources */,
				11D0D12B18721356008CC7FD /* PresentationViewController.m in Sources */,
				11711F9D1871F2CF00792D36 /* main.m in Sources */,
				11D208871895760A00345BD3 /* DesignManager.m in Sources */,
				11D11F4E1878A74E0081B1CB /* NSInvocation+Copy.m in Sources */,
				11D11F581878AE910081B1CB /* SaveAsViewController.m in Sources */,
				11BA10A81881C2E20093851B /* GTLDrive_Sources.m in Sources */,
				11D11F941878F0510081B1CB /* UIStepper+FlatUI.m in Sources */,
				118C19671891D152007EB10E /* unzip.c in Sources */,
				11D11F8C1878F0510081B1CB /* UIBarButtonItem+FlatUI.m in Sources */,
			);
			runOnlyForDeploymentPostprocessing = 0;
		};
		11711FAA1871F2CF00792D36 /* Sources */ = {
			isa = PBXSourcesBuildPhase;
			buildActionMask = 2147483647;
			files = (
				11711FBC1871F2CF00792D36 /* AutoFlipTests.m in Sources */,
			);
			runOnlyForDeploymentPostprocessing = 0;
		};
/* End PBXSourcesBuildPhase section */

/* Begin PBXTargetDependency section */
		11711FB41871F2CF00792D36 /* PBXTargetDependency */ = {
			isa = PBXTargetDependency;
			target = 11711F8C1871F2CF00792D36 /* AutoFlip */;
			targetProxy = 11711FB31871F2CF00792D36 /* PBXContainerItemProxy */;
		};
/* End PBXTargetDependency section */

/* Begin PBXVariantGroup section */
		11711F991871F2CF00792D36 /* InfoPlist.strings */ = {
			isa = PBXVariantGroup;
			children = (
				11711F9A1871F2CF00792D36 /* en */,
			);
			name = InfoPlist.strings;
			sourceTree = "<group>";
		};
		11711FA21871F2CF00792D36 /* Main.storyboard */ = {
			isa = PBXVariantGroup;
			children = (
				11711FA31871F2CF00792D36 /* Base */,
			);
			name = Main.storyboard;
			sourceTree = "<group>";
		};
		11711FB81871F2CF00792D36 /* InfoPlist.strings */ = {
			isa = PBXVariantGroup;
			children = (
				11711FB91871F2CF00792D36 /* en */,
			);
			name = InfoPlist.strings;
			sourceTree = "<group>";
		};
/* End PBXVariantGroup section */

/* Begin XCBuildConfiguration section */
		11711FBD1871F2CF00792D36 /* Debug */ = {
			isa = XCBuildConfiguration;
			buildSettings = {
				ALWAYS_SEARCH_USER_PATHS = NO;
				ARCHS = "$(ARCHS_STANDARD_INCLUDING_64_BIT)";
				CLANG_CXX_LANGUAGE_STANDARD = "gnu++0x";
				CLANG_CXX_LIBRARY = "libc++";
				CLANG_ENABLE_MODULES = YES;
				CLANG_ENABLE_OBJC_ARC = YES;
				CLANG_WARN_BOOL_CONVERSION = YES;
				CLANG_WARN_CONSTANT_CONVERSION = YES;
				CLANG_WARN_DIRECT_OBJC_ISA_USAGE = YES_ERROR;
				CLANG_WARN_EMPTY_BODY = YES;
				CLANG_WARN_ENUM_CONVERSION = YES;
				CLANG_WARN_INT_CONVERSION = YES;
				CLANG_WARN_OBJC_ROOT_CLASS = YES_ERROR;
				CLANG_WARN__DUPLICATE_METHOD_MATCH = YES;
				"CODE_SIGN_IDENTITY[sdk=iphoneos*]" = "";
				COPY_PHASE_STRIP = NO;
				GCC_C_LANGUAGE_STANDARD = gnu99;
				GCC_DYNAMIC_NO_PIC = NO;
				GCC_OPTIMIZATION_LEVEL = 0;
				GCC_PREPROCESSOR_DEFINITIONS = (
					"DEBUG=1",
					"$(inherited)",
				);
				GCC_SYMBOLS_PRIVATE_EXTERN = NO;
				GCC_WARN_64_TO_32_BIT_CONVERSION = YES;
				GCC_WARN_ABOUT_RETURN_TYPE = YES_ERROR;
				GCC_WARN_UNDECLARED_SELECTOR = YES;
				GCC_WARN_UNINITIALIZED_AUTOS = YES;
				GCC_WARN_UNUSED_FUNCTION = YES;
				GCC_WARN_UNUSED_VARIABLE = YES;
				IPHONEOS_DEPLOYMENT_TARGET = 7.0;
				ONLY_ACTIVE_ARCH = YES;
				SDKROOT = iphoneos;
			};
			name = Debug;
		};
		11711FBE1871F2CF00792D36 /* Release */ = {
			isa = XCBuildConfiguration;
			buildSettings = {
				ALWAYS_SEARCH_USER_PATHS = NO;
				ARCHS = "$(ARCHS_STANDARD_INCLUDING_64_BIT)";
				CLANG_CXX_LANGUAGE_STANDARD = "gnu++0x";
				CLANG_CXX_LIBRARY = "libc++";
				CLANG_ENABLE_MODULES = YES;
				CLANG_ENABLE_OBJC_ARC = YES;
				CLANG_WARN_BOOL_CONVERSION = YES;
				CLANG_WARN_CONSTANT_CONVERSION = YES;
				CLANG_WARN_DIRECT_OBJC_ISA_USAGE = YES_ERROR;
				CLANG_WARN_EMPTY_BODY = YES;
				CLANG_WARN_ENUM_CONVERSION = YES;
				CLANG_WARN_INT_CONVERSION = YES;
				CLANG_WARN_OBJC_ROOT_CLASS = YES_ERROR;
				CLANG_WARN__DUPLICATE_METHOD_MATCH = YES;
				"CODE_SIGN_IDENTITY[sdk=iphoneos*]" = "";
				COPY_PHASE_STRIP = YES;
				ENABLE_NS_ASSERTIONS = NO;
				GCC_C_LANGUAGE_STANDARD = gnu99;
				GCC_WARN_64_TO_32_BIT_CONVERSION = YES;
				GCC_WARN_ABOUT_RETURN_TYPE = YES_ERROR;
				GCC_WARN_UNDECLARED_SELECTOR = YES;
				GCC_WARN_UNINITIALIZED_AUTOS = YES;
				GCC_WARN_UNUSED_FUNCTION = YES;
				GCC_WARN_UNUSED_VARIABLE = YES;
				IPHONEOS_DEPLOYMENT_TARGET = 7.0;
				SDKROOT = iphoneos;
				VALIDATE_PRODUCT = YES;
			};
			name = Release;
		};
		11711FC01871F2CF00792D36 /* Debug */ = {
			isa = XCBuildConfiguration;
			buildSettings = {
				ALWAYS_SEARCH_USER_PATHS = YES;
				ARCHS = "$(ARCHS_STANDARD)";
				ASSETCATALOG_COMPILER_APPICON_NAME = AppIcon;
				ASSETCATALOG_COMPILER_LAUNCHIMAGE_NAME = LaunchImage;
				CODE_SIGN_IDENTITY = "iPhone Developer";
				"CODE_SIGN_IDENTITY[sdk=iphoneos*]" = "iPhone Developer";
				FRAMEWORK_SEARCH_PATHS = (
					"./**",
					"$(USER_LIBRARY_DIR)/Developer/Xcode/DerivedData/AutoFlip-fdmzbufgiqjqezfyczvxlznhzzrd/Build/Products/Debug",
				);
				GCC_PRECOMPILE_PREFIX_HEADER = YES;
				GCC_PREFIX_HEADER = "AutoFlip/AutoFlip-Prefix.pch";
				HEADER_SEARCH_PATHS = "";
				INFOPLIST_FILE = "AutoFlip/AutoFlip-Info.plist";
				IPHONEOS_DEPLOYMENT_TARGET = 7.0;
				LIBRARY_SEARCH_PATHS = "";
				ONLY_ACTIVE_ARCH = NO;
				OTHER_LDFLAGS = (
					"-ObjC",
					"-framework",
					Foundation,
					"-ObjC",
					"-all_load",
				);
				PRODUCT_NAME = "$(TARGET_NAME)";
				PROVISIONING_PROFILE = "4B67792C-0B9F-4F1A-88CA-149A05D41442";
				TARGETED_DEVICE_FAMILY = "1,2";
				USER_HEADER_SEARCH_PATHS = "./**";
				WRAPPER_EXTENSION = app;
			};
			name = Debug;
		};
		11711FC11871F2CF00792D36 /* Release */ = {
			isa = XCBuildConfiguration;
			buildSettings = {
				ALWAYS_SEARCH_USER_PATHS = YES;
				ARCHS = "$(ARCHS_STANDARD)";
				ASSETCATALOG_COMPILER_APPICON_NAME = AppIcon;
				ASSETCATALOG_COMPILER_LAUNCHIMAGE_NAME = LaunchImage;
				CODE_SIGN_IDENTITY = "iPhone Developer";
				"CODE_SIGN_IDENTITY[sdk=iphoneos*]" = "iPhone Developer";
				FRAMEWORK_SEARCH_PATHS = (
					"./**",
					"$(USER_LIBRARY_DIR)/Developer/Xcode/DerivedData/AutoFlip-fdmzbufgiqjqezfyczvxlznhzzrd/Build/Products/Debug",
				);
				GCC_PRECOMPILE_PREFIX_HEADER = YES;
				GCC_PREFIX_HEADER = "AutoFlip/AutoFlip-Prefix.pch";
				HEADER_SEARCH_PATHS = "";
				INFOPLIST_FILE = "AutoFlip/AutoFlip-Info.plist";
				IPHONEOS_DEPLOYMENT_TARGET = 7.0;
				LIBRARY_SEARCH_PATHS = "";
				ONLY_ACTIVE_ARCH = NO;
				OTHER_LDFLAGS = (
					"-ObjC",
					"-framework",
					Foundation,
					"-ObjC",
					"-all_load",
				);
				PRODUCT_NAME = "$(TARGET_NAME)";
				PROVISIONING_PROFILE = "4B67792C-0B9F-4F1A-88CA-149A05D41442";
				TARGETED_DEVICE_FAMILY = "1,2";
				USER_HEADER_SEARCH_PATHS = "./**";
				WRAPPER_EXTENSION = app;
			};
			name = Release;
		};
		11711FC31871F2CF00792D36 /* Debug */ = {
			isa = XCBuildConfiguration;
			buildSettings = {
				ARCHS = "$(ARCHS_STANDARD_INCLUDING_64_BIT)";
				BUNDLE_LOADER = "$(BUILT_PRODUCTS_DIR)/AutoFlip.app/AutoFlip";
				FRAMEWORK_SEARCH_PATHS = (
					"$(SDKROOT)/Developer/Library/Frameworks",
					"$(inherited)",
					"$(DEVELOPER_FRAMEWORKS_DIR)",
				);
				GCC_PRECOMPILE_PREFIX_HEADER = YES;
				GCC_PREFIX_HEADER = "AutoFlip/AutoFlip-Prefix.pch";
				GCC_PREPROCESSOR_DEFINITIONS = (
					"DEBUG=1",
					"$(inherited)",
				);
				INFOPLIST_FILE = "AutoFlipTests/AutoFlipTests-Info.plist";
				PRODUCT_NAME = "$(TARGET_NAME)";
				TEST_HOST = "$(BUNDLE_LOADER)";
				WRAPPER_EXTENSION = xctest;
			};
			name = Debug;
		};
		11711FC41871F2CF00792D36 /* Release */ = {
			isa = XCBuildConfiguration;
			buildSettings = {
				ARCHS = "$(ARCHS_STANDARD_INCLUDING_64_BIT)";
				BUNDLE_LOADER = "$(BUILT_PRODUCTS_DIR)/AutoFlip.app/AutoFlip";
				FRAMEWORK_SEARCH_PATHS = (
					"$(SDKROOT)/Developer/Library/Frameworks",
					"$(inherited)",
					"$(DEVELOPER_FRAMEWORKS_DIR)",
				);
				GCC_PRECOMPILE_PREFIX_HEADER = YES;
				GCC_PREFIX_HEADER = "AutoFlip/AutoFlip-Prefix.pch";
				INFOPLIST_FILE = "AutoFlipTests/AutoFlipTests-Info.plist";
				PRODUCT_NAME = "$(TARGET_NAME)";
				TEST_HOST = "$(BUNDLE_LOADER)";
				WRAPPER_EXTENSION = xctest;
			};
			name = Release;
		};
/* End XCBuildConfiguration section */

/* Begin XCConfigurationList section */
		11711F881871F2CF00792D36 /* Build configuration list for PBXProject "AutoFlip" */ = {
			isa = XCConfigurationList;
			buildConfigurations = (
				11711FBD1871F2CF00792D36 /* Debug */,
				11711FBE1871F2CF00792D36 /* Release */,
			);
			defaultConfigurationIsVisible = 0;
			defaultConfigurationName = Release;
		};
		11711FBF1871F2CF00792D36 /* Build configuration list for PBXNativeTarget "AutoFlip" */ = {
			isa = XCConfigurationList;
			buildConfigurations = (
				11711FC01871F2CF00792D36 /* Debug */,
				11711FC11871F2CF00792D36 /* Release */,
			);
			defaultConfigurationIsVisible = 0;
			defaultConfigurationName = Release;
		};
		11711FC21871F2CF00792D36 /* Build configuration list for PBXNativeTarget "AutoFlipTests" */ = {
			isa = XCConfigurationList;
			buildConfigurations = (
				11711FC31871F2CF00792D36 /* Debug */,
				11711FC41871F2CF00792D36 /* Release */,
			);
			defaultConfigurationIsVisible = 0;
			defaultConfigurationName = Release;
		};
/* End XCConfigurationList section */
	};
	rootObject = 11711F851871F2CF00792D36 /* Project object */;
}
